// !$*UTF8*$!
{
	archiveVersion = 1;
	classes = {
	};
	objectVersion = 46;
	objects = {

/* Begin PBXBuildFile section */
		42EAF6341C14E0A70078C679 /* AppDelegate.swift in Sources */ = {isa = PBXBuildFile; fileRef = 42EAF6331C14E0A70078C679 /* AppDelegate.swift */; };
		42EAF6361C14E0A70078C679 /* ViewController.swift in Sources */ = {isa = PBXBuildFile; fileRef = 42EAF6351C14E0A70078C679 /* ViewController.swift */; };
		42EAF6391C14E0A70078C679 /* Main.storyboard in Resources */ = {isa = PBXBuildFile; fileRef = 42EAF6371C14E0A70078C679 /* Main.storyboard */; };
		42EAF63B1C14E0A70078C679 /* Assets.xcassets in Resources */ = {isa = PBXBuildFile; fileRef = 42EAF63A1C14E0A70078C679 /* Assets.xcassets */; };
		42EAF63E1C14E0A70078C679 /* LaunchScreen.storyboard in Resources */ = {isa = PBXBuildFile; fileRef = 42EAF63C1C14E0A70078C679 /* LaunchScreen.storyboard */; };
/* End PBXBuildFile section */

/* Begin PBXFileReference section */
		42EAF6301C14E0A70078C679 /* Okuyorum.app */ = {isa = PBXFileReference; explicitFileType = wrapper.application; includeInIndex = 0; path = Okuyorum.app; sourceTree = BUILT_PRODUCTS_DIR; };
		42EAF6331C14E0A70078C679 /* AppDelegate.swift */ = {isa = PBXFileReference; lastKnownFileType = sourcecode.swift; path = AppDelegate.swift; sourceTree = "<group>"; };
		42EAF6351C14E0A70078C679 /* ViewController.swift */ = {isa = PBXFileReference; lastKnownFileType = sourcecode.swift; path = ViewController.swift; sourceTree = "<group>"; };
		42EAF6381C14E0A70078C679 /* Base */ = {isa = PBXFileReference; lastKnownFileType = file.storyboard; name = Base; path = Base.lproj/Main.storyboard; sourceTree = "<group>"; };
		42EAF63A1C14E0A70078C679 /* Assets.xcassets */ = {isa = PBXFileReference; lastKnownFileType = folder.assetcatalog; path = Assets.xcassets; sourceTree = "<group>"; };
		42EAF63D1C14E0A70078C679 /* Base */ = {isa = PBXFileReference; lastKnownFileType = file.storyboard; name = Base; path = Base.lproj/LaunchScreen.storyboard; sourceTree = "<group>"; };
		42EAF63F1C14E0A70078C679 /* Info.plist */ = {isa = PBXFileReference; lastKnownFileType = text.plist.xml; path = Info.plist; sourceTree = "<group>"; };
/* End PBXFileReference section */

/* Begin PBXFrameworksBuildPhase section */
		42EAF62D1C14E0A70078C679 /* Frameworks */ = {
			isa = PBXFrameworksBuildPhase;
			buildActionMask = 2147483647;
			files = (
			);
			runOnlyForDeploymentPostprocessing = 0;
		};
/* End PBXFrameworksBuildPhase section */

/* Begin PBXGroup section */
		42EAF6271C14E0A70078C679 = {
			isa = PBXGroup;
			children = (
				42EAF6321C14E0A70078C679 /* Okuyorum */,
				42EAF6311C14E0A70078C679 /* Products */,
			);
			sourceTree = "<group>";
		};
		42EAF6311C14E0A70078C679 /* Products */ = {
			isa = PBXGroup;
			children = (
				42EAF6301C14E0A70078C679 /* Okuyorum.app */,
			);
			name = Products;
			sourceTree = "<group>";
		};
		42EAF6321C14E0A70078C679 /* Okuyorum */ = {
			isa = PBXGroup;
			children = (
				42EAF6331C14E0A70078C679 /* AppDelegate.swift */,
				42EAF6351C14E0A70078C679 /* ViewController.swift */,
				42EAF6371C14E0A70078C679 /* Main.storyboard */,
				42EAF63A1C14E0A70078C679 /* Assets.xcassets */,
				42EAF63C1C14E0A70078C679 /* LaunchScreen.storyboard */,
				42EAF63F1C14E0A70078C679 /* Info.plist */,
			);
			path = Okuyorum;
			sourceTree = "<group>";
		};
/* End PBXGroup section */

/* Begin PBXNativeTarget section */
		42EAF62F1C14E0A70078C679 /* Okuyorum */ = {
			isa = PBXNativeTarget;
			buildConfigurationList = 42EAF6421C14E0A70078C679 /* Build configuration list for PBXNativeTarget "Okuyorum" */;
			buildPhases = (
				42EAF62C1C14E0A70078C679 /* Sources */,
				42EAF62D1C14E0A70078C679 /* Frameworks */,
				42EAF62E1C14E0A70078C679 /* Resources */,
			);
			buildRules = (
			);
			dependencies = (
			);
			name = Okuyorum;
			productName = Okuyorum;
			productReference = 42EAF6301C14E0A70078C679 /* Okuyorum.app */;
			productType = "com.apple.product-type.application";
		};
/* End PBXNativeTarget section */

/* Begin PBXProject section */
		42EAF6281C14E0A70078C679 /* Project object */ = {
			isa = PBXProject;
			attributes = {
				LastSwiftUpdateCheck = 0710;
				LastUpgradeCheck = 0710;
				ORGANIZATIONNAME = "Abdurrahman AVCI";
				TargetAttributes = {
					42EAF62F1C14E0A70078C679 = {
						CreatedOnToolsVersion = 7.1.1;
					};
				};
			};
			buildConfigurationList = 42EAF62B1C14E0A70078C679 /* Build configuration list for PBXProject "Okuyorum" */;
			compatibilityVersion = "Xcode 3.2";
			developmentRegion = English;
			hasScannedForEncodings = 0;
			knownRegions = (
				en,
				Base,
			);
			mainGroup = 42EAF6271C14E0A70078C679;
			productRefGroup = 42EAF6311C14E0A70078C679 /* Products */;
			projectDirPath = "";
			projectRoot = "";
			targets = (
				42EAF62F1C14E0A70078C679 /* Okuyorum */,
			);
		};
/* End PBXProject section */

/* Begin PBXResourcesBuildPhase section */
		42EAF62E1C14E0A70078C679 /* Resources */ = {
			isa = PBXResourcesBuildPhase;
			buildActionMask = 2147483647;
			files = (
				42EAF63E1C14E0A70078C679 /* LaunchScreen.storyboard in Resources */,
				42EAF63B1C14E0A70078C679 /* Assets.xcassets in Resources */,
				42EAF6391C14E0A70078C679 /* Main.storyboard in Resources */,
			);
			runOnlyForDeploymentPostprocessing = 0;
		};
/* End PBXResourcesBuildPhase section */

/* Begin PBXSourcesBuildPhase section */
		42EAF62C1C14E0A70078C679 /* Sources */ = {
			isa = PBXSourcesBuildPhase;
			buildActionMask = 2147483647;
			files = (
				42EAF6361C14E0A70078C679 /* ViewController.swift in Sources */,
				42EAF6341C14E0A70078C679 /* AppDelegate.swift in Sources */,
			);
			runOnlyForDeploymentPostprocessing = 0;
		};
/* End PBXSourcesBuildPhase section */

/* Begin PBXVariantGroup section */
		42EAF6371C14E0A70078C679 /* Main.storyboard */ = {
			isa = PBXVariantGroup;
			children = (
				42EAF6381C14E0A70078C679 /* Base */,
			);
			name = Main.storyboard;
			sourceTree = "<group>";
		};
		42EAF63C1C14E0A70078C679 /* LaunchScreen.storyboard */ = {
			isa = PBXVariantGroup;
			children = (
				42EAF63D1C14E0A70078C679 /* Base */,
			);
			name = LaunchScreen.storyboard;
			sourceTree = "<group>";
		};
/* End PBXVariantGroup section */

/* Begin XCBuildConfiguration section */
		42EAF6401C14E0A70078C679 /* Debug */ = {
			isa = XCBuildConfiguration;
			buildSettings = {
				ALWAYS_SEARCH_USER_PATHS = NO;
				CLANG_CXX_LANGUAGE_STANDARD = "gnu++0x";
				CLANG_CXX_LIBRARY = "libc++";
				CLANG_ENABLE_MODULES = YES;
				CLANG_ENABLE_OBJC_ARC = YES;
				CLANG_WARN_BOOL_CONVERSION = YES;
				CLANG_WARN_CONSTANT_CONVERSION = YES;
				CLANG_WARN_DIRECT_OBJC_ISA_USAGE = YES_ERROR;
				CLANG_WARN_EMPTY_BODY = YES;
				CLANG_WARN_ENUM_CONVERSION = YES;
				CLANG_WARN_INT_CONVERSION = YES;
				CLANG_WARN_OBJC_ROOT_CLASS = YES_ERROR;
				CLANG_WARN_UNREACHABLE_CODE = YES;
				CLANG_WARN__DUPLICATE_METHOD_MATCH = YES;
				"CODE_SIGN_IDENTITY[sdk=iphoneos*]" = "iPhone Developer";
				COPY_PHASE_STRIP = NO;
				DEBUG_INFORMATION_FORMAT = dwarf;
				ENABLE_STRICT_OBJC_MSGSEND = YES;
				ENABLE_TESTABILITY = YES;
				GCC_C_LANGUAGE_STANDARD = gnu99;
				GCC_DYNAMIC_NO_PIC = NO;
				GCC_NO_COMMON_BLOCKS = YES;
				GCC_OPTIMIZATION_LEVEL = 0;
				GCC_PREPROCESSOR_DEFINITIONS = (
					"DEBUG=1",
					"$(inherited)",
				);
				GCC_WARN_64_TO_32_BIT_CONVERSION = YES;
				GCC_WARN_ABOUT_RETURN_TYPE = YES_ERROR;
				GCC_WARN_UNDECLARED_SELECTOR = YES;
				GCC_WARN_UNINITIALIZED_AUTOS = YES_AGGRESSIVE;
				GCC_WARN_UNUSED_FUNCTION = YES;
				GCC_WARN_UNUSED_VARIABLE = YES;
				IPHONEOS_DEPLOYMENT_TARGET = 9.1;
				MTL_ENABLE_DEBUG_INFO = YES;
				ONLY_ACTIVE_ARCH = YES;
				SDKROOT = iphoneos;
				SWIFT_OPTIMIZATION_LEVEL = "-Onone";
				TARGETED_DEVICE_FAMILY = "1,2";
			};
			name = Debug;
		};
		42EAF6411C14E0A70078C679 /* Release */ = {
			isa = XCBuildConfiguration;
			buildSettings = {
				ALWAYS_SEARCH_USER_PATHS = NO;
				CLANG_CXX_LANGUAGE_STANDARD = "gnu++0x";
				CLANG_CXX_LIBRARY = "libc++";
				CLANG_ENABLE_MODULES = YES;
				CLANG_ENABLE_OBJC_ARC = YES;
				CLANG_WARN_BOOL_CONVERSION = YES;
				CLANG_WARN_CONSTANT_CONVERSION = YES;
				CLANG_WARN_DIRECT_OBJC_ISA_USAGE = YES_ERROR;
				CLANG_WARN_EMPTY_BODY = YES;
				CLANG_WARN_ENUM_CONVERSION = YES;
				CLANG_WARN_INT_CONVERSION = YES;
				CLANG_WARN_OBJC_ROOT_CLASS = YES_ERROR;
				CLANG_WARN_UNREACHABLE_CODE = YES;
				CLANG_WARN__DUPLICATE_METHOD_MATCH = YES;
				"CODE_SIGN_IDENTITY[sdk=iphoneos*]" = "iPhone Developer";
				COPY_PHASE_STRIP = NO;
				DEBUG_INFORMATION_FORMAT = "dwarf-with-dsym";
				ENABLE_NS_ASSERTIONS = NO;
				ENABLE_STRICT_OBJC_MSGSEND = YES;
				GCC_C_LANGUAGE_STANDARD = gnu99;
				GCC_NO_COMMON_BLOCKS = YES;
				GCC_WARN_64_TO_32_BIT_CONVERSION = YES;
				GCC_WARN_ABOUT_RETURN_TYPE = YES_ERROR;
				GCC_WARN_UNDECLARED_SELECTOR = YES;
				GCC_WARN_UNINITIALIZED_AUTOS = YES_AGGRESSIVE;
				GCC_WARN_UNUSED_FUNCTION = YES;
				GCC_WARN_UNUSED_VARIABLE = YES;
				IPHONEOS_DEPLOYMENT_TARGET = 9.1;
				MTL_ENABLE_DEBUG_INFO = NO;
				SDKROOT = iphoneos;
				TARGETED_DEVICE_FAMILY = "1,2";
				VALIDATE_PRODUCT = YES;
			};
			name = Release;
		};
		42EAF6431C14E0A70078C679 /* Debug */ = {
			isa = XCBuildConfiguration;
			buildSettings = {
				ASSETCATALOG_COMPILER_APPICON_NAME = AppIcon;
				INFOPLIST_FILE = Okuyorum/Info.plist;
				LD_RUNPATH_SEARCH_PATHS = "$(inherited) @executable_path/Frameworks";
				PRODUCT_BUNDLE_IDENTIFIER = com.abdurrahmanavci.Okuyorum;
				PRODUCT_NAME = "$(TARGET_NAME)";
			};
			name = Debug;
		};
		42EAF6441C14E0A70078C679 /* Release */ = {
			isa = XCBuildConfiguration;
			buildSettings = {
				ASSETCATALOG_COMPILER_APPICON_NAME = AppIcon;
				INFOPLIST_FILE = Okuyorum/Info.plist;
				LD_RUNPATH_SEARCH_PATHS = "$(inherited) @executable_path/Frameworks";
				PRODUCT_BUNDLE_IDENTIFIER = com.abdurrahmanavci.Okuyorum;
				PRODUCT_NAME = "$(TARGET_NAME)";
			};
			name = Release;
		};
/* End XCBuildConfiguration section */

/* Begin XCConfigurationList section */
		42EAF62B1C14E0A70078C679 /* Build configuration list for PBXProject "Okuyorum" */ = {
			isa = XCConfigurationList;
			buildConfigurations = (
				42EAF6401C14E0A70078C679 /* Debug */,
				42EAF6411C14E0A70078C679 /* Release */,
			);
			defaultConfigurationIsVisible = 0;
			defaultConfigurationName = Release;
		};
		42EAF6421C14E0A70078C679 /* Build configuration list for PBXNativeTarget "Okuyorum" */ = {
			isa = XCConfigurationList;
			buildConfigurations = (
				42EAF6431C14E0A70078C679 /* Debug */,
				42EAF6441C14E0A70078C679 /* Release */,
			);
			defaultConfigurationIsVisible = 0;
		};
/* End XCConfigurationList section */
	};
	rootObject = 42EAF6281C14E0A70078C679 /* Project object */;
}
